
Microsoft Visual Studio Solution File, Format Version 12.00
# Visual Studio Version 17
VisualStudioVersion = 17.8.34316.72
MinimumVisualStudioVersion = 10.0.40219.1
Project("{9A19103F-16F7-4668-BE54-9A1E7A4F7556}") = "ПасьянсТЕСТ", "ПасьянсТЕСТ\ПасьянсТЕСТ.csproj", "{2FB53BA7-0FDB-4F30-8DAB-5C14D8B9E669}"
EndProject
Global
	GlobalSection(SolutionConfigurationPlatforms) = preSolution
		Debug|Any CPU = Debug|Any CPU
		Release|Any CPU = Release|Any CPU
	EndGlobalSection
	GlobalSection(ProjectConfigurationPlatforms) = postSolution
		{2FB53BA7-0FDB-4F30-8DAB-5C14D8B9E669}.Debug|Any CPU.ActiveCfg = Debug|Any CPU
		{2FB53BA7-0FDB-4F30-8DAB-5C14D8B9E669}.Debug|Any CPU.Build.0 = Debug|Any CPU
		{2FB53BA7-0FDB-4F30-8DAB-5C14D8B9E669}.Release|Any CPU.ActiveCfg = Release|Any CPU
		{2FB53BA7-0FDB-4F30-8DAB-5C14D8B9E669}.Release|Any CPU.Build.0 = Release|Any CPU
	EndGlobalSection
	GlobalSection(SolutionProperties) = preSolution
		HideSolutionNode = FALSE
	EndGlobalSection
	GlobalSection(ExtensibilityGlobals) = postSolution
		SolutionGuid = {A240BE45-C152-49B5-8AD1-67FA8289D151}
	EndGlobalSection
EndGlobal
